
Microsoft Visual Studio Solution File, Format Version 12.00
# Visual Studio Version 17
Project("{8BC9CEB8-8B4A-11D0-8D11-00A0C91BC942}") = "ALL_BUILD", "ALL_BUILD.vcxproj", "{7ACA1C50-3DA5-33C2-9324-8DB8711B7C43}"
	ProjectSection(ProjectDependencies) = postProject
		{CF2642EE-8DBB-3CCE-B779-16C4C7F65136} = {CF2642EE-8DBB-3CCE-B779-16C4C7F65136}
		{B359B0CA-4411-3BE7-B96F-CF4BE3A5C0F3} = {B359B0CA-4411-3BE7-B96F-CF4BE3A5C0F3}
	EndProjectSection
EndProject
Project("{8BC9CEB8-8B4A-11D0-8D11-00A0C91BC942}") = "ZERO_CHECK", "ZERO_CHECK.vcxproj", "{CF2642EE-8DBB-3CCE-B779-16C4C7F65136}"
	ProjectSection(ProjectDependencies) = postProject
	EndProjectSection
EndProject
Project("{8BC9CEB8-8B4A-11D0-8D11-00A0C91BC942}") = "mein_projekt", "mein_projekt.vcxproj", "{B359B0CA-4411-3BE7-B96F-CF4BE3A5C0F3}"
	ProjectSection(ProjectDependencies) = postProject
		{CF2642EE-8DBB-3CCE-B779-16C4C7F65136} = {CF2642EE-8DBB-3CCE-B779-16C4C7F65136}
	EndProjectSection
EndProject
Global
	GlobalSection(SolutionConfigurationPlatforms) = preSolution
		Debug|x64 = Debug|x64
		Release|x64 = Release|x64
		MinSizeRel|x64 = MinSizeRel|x64
		RelWithDebInfo|x64 = RelWithDebInfo|x64
	EndGlobalSection
	GlobalSection(ProjectConfigurationPlatforms) = postSolution
		{7ACA1C50-3DA5-33C2-9324-8DB8711B7C43}.Debug|x64.ActiveCfg = Debug|x64
		{7ACA1C50-3DA5-33C2-9324-8DB8711B7C43}.Release|x64.ActiveCfg = Release|x64
		{7ACA1C50-3DA5-33C2-9324-8DB8711B7C43}.MinSizeRel|x64.ActiveCfg = MinSizeRel|x64
		{7ACA1C50-3DA5-33C2-9324-8DB8711B7C43}.RelWithDebInfo|x64.ActiveCfg = RelWithDebInfo|x64
		{CF2642EE-8DBB-3CCE-B779-16C4C7F65136}.Debug|x64.ActiveCfg = Debug|x64
		{CF2642EE-8DBB-3CCE-B779-16C4C7F65136}.Debug|x64.Build.0 = Debug|x64
		{CF2642EE-8DBB-3CCE-B779-16C4C7F65136}.Release|x64.ActiveCfg = Release|x64
		{CF2642EE-8DBB-3CCE-B779-16C4C7F65136}.Release|x64.Build.0 = Release|x64
		{CF2642EE-8DBB-3CCE-B779-16C4C7F65136}.MinSizeRel|x64.ActiveCfg = MinSizeRel|x64
		{CF2642EE-8DBB-3CCE-B779-16C4C7F65136}.MinSizeRel|x64.Build.0 = MinSizeRel|x64
		{CF2642EE-8DBB-3CCE-B779-16C4C7F65136}.RelWithDebInfo|x64.ActiveCfg = RelWithDebInfo|x64
		{CF2642EE-8DBB-3CCE-B779-16C4C7F65136}.RelWithDebInfo|x64.Build.0 = RelWithDebInfo|x64
		{B359B0CA-4411-3BE7-B96F-CF4BE3A5C0F3}.Debug|x64.ActiveCfg = Debug|x64
		{B359B0CA-4411-3BE7-B96F-CF4BE3A5C0F3}.Debug|x64.Build.0 = Debug|x64
		{B359B0CA-4411-3BE7-B96F-CF4BE3A5C0F3}.Release|x64.ActiveCfg = Release|x64
		{B359B0CA-4411-3BE7-B96F-CF4BE3A5C0F3}.Release|x64.Build.0 = Release|x64
		{B359B0CA-4411-3BE7-B96F-CF4BE3A5C0F3}.MinSizeRel|x64.ActiveCfg = MinSizeRel|x64
		{B359B0CA-4411-3BE7-B96F-CF4BE3A5C0F3}.MinSizeRel|x64.Build.0 = MinSizeRel|x64
		{B359B0CA-4411-3BE7-B96F-CF4BE3A5C0F3}.RelWithDebInfo|x64.ActiveCfg = RelWithDebInfo|x64
		{B359B0CA-4411-3BE7-B96F-CF4BE3A5C0F3}.RelWithDebInfo|x64.Build.0 = RelWithDebInfo|x64
	EndGlobalSection
	GlobalSection(ExtensibilityGlobals) = postSolution
		SolutionGuid = {0576E176-7F3C-3CD6-84D6-0053B36C0C7D}
	EndGlobalSection
	GlobalSection(ExtensibilityAddIns) = postSolution
	EndGlobalSection
EndGlobal
