<?xml version="1.0" encoding="utf-8"?>
<Project ToolsVersion="17.0" xmlns="http://schemas.microsoft.com/developer/msbuild/2003">
  <ItemGroup>
    <CustomBuild Include="C:\git\CMake\CMakeFiles\8e4c27f9d0a2bcbcd3ece4379af215ba\generate.stamp.rule">
      <Filter>CMake Rules</Filter>
    </CustomBuild>
  </ItemGroup>
  <ItemGroup>
    <Filter Include="CMake Rules">
      <UniqueIdentifier>{2D7E6DF8-773F-31D3-8BDD-0422269F6CA1}</UniqueIdentifier>
    </Filter>
  </ItemGroup>
</Project>
